
Microsoft Visual Studio Solution File, Format Version 12.00
# Visual Studio Version 16
VisualStudioVersion = 16.0.29728.190
MinimumVisualStudioVersion = 10.0.40219.1
Project("{FAE04EC0-301F-11D3-BF4B-00C04F79EFBC}") = "ExampleWebApplication", "ExampleWebApplication\ExampleWebApplication.csproj", "{3496EAC2-C98E-450F-A45F-93DAECFCA7B9}"
EndProject
Project("{FAE04EC0-301F-11D3-BF4B-00C04F79EFBC}") = "ExampleData", "ExampleData\ExampleData.csproj", "{3C6A7602-1B11-4932-96F4-CD6B7D856DD8}"
EndProject
Project("{FAE04EC0-301F-11D3-BF4B-00C04F79EFBC}") = "ExampleBusiness", "ExampleBusiness\ExampleBusiness.csproj", "{D711DF57-9864-4E39-8565-7C202BB88E81}"
EndProject
Global
	GlobalSection(SolutionConfigurationPlatforms) = preSolution
		Debug|Any CPU = Debug|Any CPU
		Release|Any CPU = Release|Any CPU
	EndGlobalSection
	GlobalSection(ProjectConfigurationPlatforms) = postSolution
		{3496EAC2-C98E-450F-A45F-93DAECFCA7B9}.Debug|Any CPU.ActiveCfg = Debug|Any CPU
		{3496EAC2-C98E-450F-A45F-93DAECFCA7B9}.Debug|Any CPU.Build.0 = Debug|Any CPU
		{3496EAC2-C98E-450F-A45F-93DAECFCA7B9}.Release|Any CPU.ActiveCfg = Release|Any CPU
		{3496EAC2-C98E-450F-A45F-93DAECFCA7B9}.Release|Any CPU.Build.0 = Release|Any CPU
		{3C6A7602-1B11-4932-96F4-CD6B7D856DD8}.Debug|Any CPU.ActiveCfg = Debug|Any CPU
		{3C6A7602-1B11-4932-96F4-CD6B7D856DD8}.Debug|Any CPU.Build.0 = Debug|Any CPU
		{3C6A7602-1B11-4932-96F4-CD6B7D856DD8}.Release|Any CPU.ActiveCfg = Release|Any CPU
		{3C6A7602-1B11-4932-96F4-CD6B7D856DD8}.Release|Any CPU.Build.0 = Release|Any CPU
		{D711DF57-9864-4E39-8565-7C202BB88E81}.Debug|Any CPU.ActiveCfg = Debug|Any CPU
		{D711DF57-9864-4E39-8565-7C202BB88E81}.Debug|Any CPU.Build.0 = Debug|Any CPU
		{D711DF57-9864-4E39-8565-7C202BB88E81}.Release|Any CPU.ActiveCfg = Release|Any CPU
		{D711DF57-9864-4E39-8565-7C202BB88E81}.Release|Any CPU.Build.0 = Release|Any CPU
	EndGlobalSection
	GlobalSection(SolutionProperties) = preSolution
		HideSolutionNode = FALSE
	EndGlobalSection
	GlobalSection(ExtensibilityGlobals) = postSolution
		SolutionGuid = {66278B8B-E10C-42C6-A8AE-E18615391F51}
	EndGlobalSection
EndGlobal
